// !$*UTF8*$!
{
	archiveVersion = 1;
	classes = {
	};
	objectVersion = 46;
	objects = {

/* Begin PBXFileReference section */
		E621A19F1602B0FF00CBEA9B /* decorations.c */ = {isa = PBXFileReference; fileEncoding = 4; lastKnownFileType = sourcecode.c.c; path = decorations.c; sourceTree = "<group>"; };
		E621A1A01602B0FF00CBEA9B /* decorations.h */ = {isa = PBXFileReference; fileEncoding = 4; lastKnownFileType = sourcecode.c.h; path = decorations.h; sourceTree = "<group>"; };
		E621A1A11602B0FF00CBEA9B /* eventnames.h */ = {isa = PBXFileReference; fileEncoding = 4; lastKnownFileType = sourcecode.c.h; path = eventnames.h; sourceTree = "<group>"; };
		E621A1A21602B0FF00CBEA9B /* main.c */ = {isa = PBXFileReference; fileEncoding = 4; lastKnownFileType = sourcecode.c.c; path = main.c; sourceTree = "<group>"; };
		E621A1A31602B0FF00CBEA9B /* Makefile */ = {isa = PBXFileReference; fileEncoding = 4; lastKnownFileType = sourcecode.make; path = Makefile; sourceTree = "<group>"; };
		E621A1A41602B0FF00CBEA9B /* window.c */ = {isa = PBXFileReference; fileEncoding = 4; lastKnownFileType = sourcecode.c.c; path = window.c; sourceTree = "<group>"; };
		E621A1A51602B0FF00CBEA9B /* window.h */ = {isa = PBXFileReference; fileEncoding = 4; lastKnownFileType = sourcecode.c.h; path = window.h; sourceTree = "<group>"; };
		E621A1B51602B8AB00CBEA9B /* pool.c */ = {isa = PBXFileReference; fileEncoding = 4; lastKnownFileType = sourcecode.c.c; path = pool.c; sourceTree = "<group>"; };
		E621A1B61602B8AB00CBEA9B /* pool.h */ = {isa = PBXFileReference; fileEncoding = 4; lastKnownFileType = sourcecode.c.h; path = pool.h; sourceTree = "<group>"; };
/* End PBXFileReference section */

/* Begin PBXGroup section */
		E621A18F1602B0E500CBEA9B = {
			isa = PBXGroup;
			children = (
				E621A1B51602B8AB00CBEA9B /* pool.c */,
				E621A1B61602B8AB00CBEA9B /* pool.h */,
				E621A19F1602B0FF00CBEA9B /* decorations.c */,
				E621A1A01602B0FF00CBEA9B /* decorations.h */,
				E621A1A11602B0FF00CBEA9B /* eventnames.h */,
				E621A1A21602B0FF00CBEA9B /* main.c */,
				E621A1A31602B0FF00CBEA9B /* Makefile */,
				E621A1A41602B0FF00CBEA9B /* window.c */,
				E621A1A51602B0FF00CBEA9B /* window.h */,
			);
			sourceTree = "<group>";
		};
/* End PBXGroup section */

/* Begin PBXLegacyTarget section */
		E621A1961602B0E500CBEA9B /* classic-wm */ = {
			isa = PBXLegacyTarget;
			buildArgumentsString = "$(ACTION)";
			buildConfigurationList = E621A1991602B0E500CBEA9B /* Build configuration list for PBXLegacyTarget "classic-wm" */;
			buildPhases = (
			);
			buildToolPath = /usr/bin/make;
			buildWorkingDirectory = "";
			dependencies = (
			);
			name = "classic-wm";
			passBuildSettingsInEnvironment = 1;
			productName = "classic-wm";
		};
/* End PBXLegacyTarget section */

/* Begin PBXProject section */
		E621A1911602B0E500CBEA9B /* Project object */ = {
			isa = PBXProject;
			attributes = {
				LastUpgradeCheck = 0420;
			};
			buildConfigurationList = E621A1941602B0E500CBEA9B /* Build configuration list for PBXProject "classic-wm" */;
			compatibilityVersion = "Xcode 3.2";
			developmentRegion = English;
			hasScannedForEncodings = 0;
			knownRegions = (
				en,
			);
			mainGroup = E621A18F1602B0E500CBEA9B;
			projectDirPath = "";
			projectRoot = "";
			targets = (
				E621A1961602B0E500CBEA9B /* classic-wm */,
			);
		};
/* End PBXProject section */

/* Begin XCBuildConfiguration section */
		E621A1971602B0E500CBEA9B /* Debug */ = {
			isa = XCBuildConfiguration;
			buildSettings = {
				ALWAYS_SEARCH_USER_PATHS = NO;
				ARCHS = "$(ARCHS_STANDARD_64_BIT)";
				COPY_PHASE_STRIP = NO;
				GCC_C_LANGUAGE_STANDARD = gnu99;
				GCC_DYNAMIC_NO_PIC = NO;
				GCC_ENABLE_OBJC_EXCEPTIONS = YES;
				GCC_OPTIMIZATION_LEVEL = 0;
				GCC_PREPROCESSOR_DEFINITIONS = (
					"DEBUG=1",
					"$(inherited)",
				);
				GCC_SYMBOLS_PRIVATE_EXTERN = NO;
				GCC_VERSION = com.apple.compilers.llvm.clang.1_0;
				GCC_WARN_64_TO_32_BIT_CONVERSION = YES;
				GCC_WARN_ABOUT_MISSING_PROTOTYPES = YES;
				GCC_WARN_ABOUT_RETURN_TYPE = YES;
				GCC_WARN_UNUSED_VARIABLE = YES;
				MACOSX_DEPLOYMENT_TARGET = 10.6;
				ONLY_ACTIVE_ARCH = YES;
				SDKROOT = macosx;
			};
			name = Debug;
		};
		E621A1981602B0E500CBEA9B /* Release */ = {
			isa = XCBuildConfiguration;
			buildSettings = {
				ALWAYS_SEARCH_USER_PATHS = NO;
				ARCHS = "$(ARCHS_STANDARD_64_BIT)";
				COPY_PHASE_STRIP = YES;
				DEBUG_INFORMATION_FORMAT = "dwarf-with-dsym";
				GCC_C_LANGUAGE_STANDARD = gnu99;
				GCC_ENABLE_OBJC_EXCEPTIONS = YES;
				GCC_VERSION = com.apple.compilers.llvm.clang.1_0;
				GCC_WARN_64_TO_32_BIT_CONVERSION = YES;
				GCC_WARN_ABOUT_MISSING_PROTOTYPES = YES;
				GCC_WARN_ABOUT_RETURN_TYPE = YES;
				GCC_WARN_UNUSED_VARIABLE = YES;
				MACOSX_DEPLOYMENT_TARGET = 10.6;
				SDKROOT = macosx;
			};
			name = Release;
		};
		E621A19A1602B0E500CBEA9B /* Debug */ = {
			isa = XCBuildConfiguration;
			buildSettings = {
				DEBUGGING_SYMBOLS = YES;
				GCC_GENERATE_DEBUGGING_SYMBOLS = YES;
				GCC_OPTIMIZATION_LEVEL = 0;
				OTHER_CFLAGS = "";
				OTHER_LDFLAGS = "";
				PRODUCT_NAME = "$(TARGET_NAME)";
			};
			name = Debug;
		};
		E621A19B1602B0E500CBEA9B /* Release */ = {
			isa = XCBuildConfiguration;
			buildSettings = {
				OTHER_CFLAGS = "";
				OTHER_LDFLAGS = "";
				PRODUCT_NAME = "$(TARGET_NAME)";
			};
			name = Release;
		};
/* End XCBuildConfiguration section */

/* Begin XCConfigurationList section */
		E621A1941602B0E500CBEA9B /* Build configuration list for PBXProject "classic-wm" */ = {
			isa = XCConfigurationList;
			buildConfigurations = (
				E621A1971602B0E500CBEA9B /* Debug */,
				E621A1981602B0E500CBEA9B /* Release */,
			);
			defaultConfigurationIsVisible = 0;
			defaultConfigurationName = Release;
		};
		E621A1991602B0E500CBEA9B /* Build configuration list for PBXLegacyTarget "classic-wm" */ = {
			isa = XCConfigurationList;
			buildConfigurations = (
				E621A19A1602B0E500CBEA9B /* Debug */,
				E621A19B1602B0E500CBEA9B /* Release */,
			);
			defaultConfigurationIsVisible = 0;
			defaultConfigurationName = Release;
		};
/* End XCConfigurationList section */
	};
	rootObject = E621A1911602B0E500CBEA9B /* Project object */;
}
